
Microsoft Visual Studio Solution File, Format Version 12.00
# Visual Studio Version 17
VisualStudioVersion = 17.3.32811.315
MinimumVisualStudioVersion = 10.0.40219.1
Project("{54A90642-561A-4BB1-A94E-469ADEE60C69}") = "ProjectTest", "ProjectTest\ProjectTest.esproj", "{B262D12C-0C7A-4316-9861-AFF5CA85EEFC}"
EndProject
Global
	GlobalSection(SolutionConfigurationPlatforms) = preSolution
		Debug|Any CPU = Debug|Any CPU
		Release|Any CPU = Release|Any CPU
	EndGlobalSection
	GlobalSection(ProjectConfigurationPlatforms) = postSolution
		{B262D12C-0C7A-4316-9861-AFF5CA85EEFC}.Debug|Any CPU.ActiveCfg = Debug|Any CPU
		{B262D12C-0C7A-4316-9861-AFF5CA85EEFC}.Debug|Any CPU.Build.0 = Debug|Any CPU
		{B262D12C-0C7A-4316-9861-AFF5CA85EEFC}.Debug|Any CPU.Deploy.0 = Debug|Any CPU
		{B262D12C-0C7A-4316-9861-AFF5CA85EEFC}.Release|Any CPU.ActiveCfg = Release|Any CPU
		{B262D12C-0C7A-4316-9861-AFF5CA85EEFC}.Release|Any CPU.Build.0 = Release|Any CPU
		{B262D12C-0C7A-4316-9861-AFF5CA85EEFC}.Release|Any CPU.Deploy.0 = Release|Any CPU
	EndGlobalSection
	GlobalSection(SolutionProperties) = preSolution
		HideSolutionNode = FALSE
	EndGlobalSection
	GlobalSection(ExtensibilityGlobals) = postSolution
		SolutionGuid = {706C0EB9-5496-4E10-A95D-BDB92D9864BC}
	EndGlobalSection
EndGlobal
